# This file is automatically @generated by Cargo.
# It is not intended for manual editing.
version = 3

[[package]]
name = "advapi32-sys"
version = "0.1.2"
source = "registry+https://github.com/rust-lang/crates.io-index"
checksum = "307c92332867e586720c0222ee9d890bbe8431711efed8a1b06bc5b40fc66bd7"
dependencies = [
 "winapi 0.3.9",
 "winapi-build",
]

[[package]]
name = "aho-corasick"
version = "0.3.2"
source = "registry+https://github.com/rust-lang/crates.io-index"
checksum = "00b4afd4decb1f55389ef9117a738235592d19f3ab0bef1a34aac6b41635f12a"
dependencies = [
 "memchr",
]

[[package]]
name = "base64"
version = "0.9.3"
source = "registry+https://github.com/rust-lang/crates.io-index"
checksum = "489d6c0ed21b11d038c31b6ceccca973e65d73ba3bd8ecb9a2babf5546164643"
dependencies = [
 "byteorder",
 "safemem",
]

[[package]]
name = "bitflags"
version = "0.3.2"
source = "registry+https://github.com/rust-lang/crates.io-index"
checksum = "65fee84cb17ca0b1f86b3870caad42a966b58366caed5a1651c6eb7f415ac545"

[[package]]
name = "bitflags"
version = "0.7.0"
source = "registry+https://github.com/rust-lang/crates.io-index"
checksum = "aad18937a628ec6abcd26d1489012cc0e18c21798210f491af69ded9b881106d"

[[package]]
name = "bodyparser"
version = "0.0.6"
source = "registry+https://github.com/rust-lang/crates.io-index"
checksum = "78c280275d396472fb2f4f4bbeb88a7fa9dc45403e9b290e2a5cbf12a1354c47"
dependencies = [
 "iron 0.5.1",
 "persistent",
 "plugin",
 "rustc-serialize",
]

[[package]]
name = "bumpalo"
version = "3.10.0"
source = "registry+https://github.com/rust-lang/crates.io-index"
checksum = "37ccbd214614c6783386c1af30caf03192f17891059cecc394b4fb119e363de3"

[[package]]
name = "byteorder"
version = "1.4.3"
source = "registry+https://github.com/rust-lang/crates.io-index"
checksum = "14c189c53d098945499cdfa7ecc63567cf3886b3332b312a5b4585d8d3a6a610"

[[package]]
name = "cfg-if"
version = "1.0.0"
source = "registry+https://github.com/rust-lang/crates.io-index"
checksum = "baf1de4339761588bc0619e3cbc0120ee582ebb74b53b4efbf79117bd2da40fd"

[[package]]
name = "conduit-mime-types"
version = "0.7.3"
source = "registry+https://github.com/rust-lang/crates.io-index"
checksum = "95ca30253581af809925ef68c2641cc140d6183f43e12e0af4992d53768bd7b8"
dependencies = [
 "rustc-serialize",
]

[[package]]
name = "cookie"
version = "0.1.21"
source = "registry+https://github.com/rust-lang/crates.io-index"
checksum = "02443c47d5c80f9b4be9b8f51c0bf307d663fe28b18ccabef44d8b0a4b2a967b"
dependencies = [
 "openssl 0.6.4",
 "rustc-serialize",
 "time 0.1.44",
 "url 0.2.37",
]

[[package]]
name = "cookie"
version = "0.2.5"
source = "registry+https://github.com/rust-lang/crates.io-index"
checksum = "0e3d6405328b6edb412158b3b7710e2634e23f3614b9bb1c412df7952489a626"
dependencies = [
 "openssl 0.7.14",
 "rustc-serialize",
 "time 0.1.44",
 "url 1.7.2",
]

[[package]]
name = "docopt"
version = "0.6.72"
source = "registry+https://github.com/rust-lang/crates.io-index"
checksum = "49498b5faae441d9381bf5bc4ce8bdfe29131e98df2f5977d3959b06fa3a8d59"
dependencies = [
 "regex",
 "rustc-serialize",
 "strsim",
]

[[package]]
name = "error"
version = "0.1.7"
source = "registry+https://github.com/rust-lang/crates.io-index"
checksum = "aa18f32e8cb5262901fe4fd9ea0d44607b029605a6e0a84bcdf97e70539c7b4a"
dependencies = [
 "traitobject 0.0.3",
 "typeable",
]

[[package]]
name = "fern"
version = "0.3.5"
source = "registry+https://github.com/rust-lang/crates.io-index"
checksum = "4d2f58d053ad7791bfaad58a3f3541fe2d2aecc564dd82aee7f92fa402c054b2"
dependencies = [
 "log 0.3.2",
]

[[package]]
name = "formdata"
version = "0.6.0"
source = "registry+https://github.com/rust-lang/crates.io-index"
checksum = "1e46916ad56e0e5b8466760c4d388625b50e3ece297ecf44f845d89a033ab4b1"
dependencies = [
 "httparse 0.1.6",
 "hyper 0.6.11",
 "libc 0.2.126",
 "log 0.4.17",
 "mime 0.1.0",
 "tempdir",
 "textnonce",
]

[[package]]
name = "gcc"
version = "0.3.13"
source = "registry+https://github.com/rust-lang/crates.io-index"
checksum = "c817753e9a6ff928e71f62f5eb73478b1809b146ae0d2f5465be3bd1a8382579"
dependencies = [
 "advapi32-sys",
 "winapi 0.2.8",
]

[[package]]
name = "gdi32-sys"
version = "0.2.0"
source = "registry+https://github.com/rust-lang/crates.io-index"
checksum = "0912515a8ff24ba900422ecda800b52f4016a56251922d397c576bf92c690518"
dependencies = [
 "winapi 0.2.8",
 "winapi-build",
]

[[package]]
name = "generador-pdf"
version = "0.0.1"
dependencies = [
 "docopt",
 "fern",
 "formdata",
 "iron 0.5.1",
 "log 0.3.2",
 "mount",
 "params",
 "router",
 "rust-crypto",
 "rustc-serialize",
 "staticfile",
 "time 0.3.12",
]

[[package]]
name = "hermit-abi"
version = "0.1.19"
source = "registry+https://github.com/rust-lang/crates.io-index"
checksum = "62b467343b94ba476dcb2500d242dadbb39557df889310ac77c5d99100aaac33"
dependencies = [
 "libc 0.2.126",
]

[[package]]
name = "hpack"
version = "0.2.0"
source = "registry+https://github.com/rust-lang/crates.io-index"
checksum = "3d2da7d3a34cf6406d9d700111b8eafafe9a251de41ae71d8052748259343b58"
dependencies = [
 "log 0.3.2",
]

[[package]]
name = "httparse"
version = "0.1.6"
source = "registry+https://github.com/rust-lang/crates.io-index"
checksum = "6347d7d25dafc348f31160473fa847bf9c56a41e57306315eae543b75411596f"

[[package]]
name = "httparse"
version = "1.7.1"
source = "registry+https://github.com/rust-lang/crates.io-index"
checksum = "496ce29bb5a52785b44e0f7ca2847ae0bb839c9bd28f69acac9b99d461c0c04c"

[[package]]
name = "hyper"
version = "0.6.11"
source = "registry+https://github.com/rust-lang/crates.io-index"
checksum = "db2afec822e13ee0ac59d5bff13f0468d9288b90ded1d9a4afdecfd520e53b69"
dependencies = [
 "cookie 0.1.21",
 "httparse 0.1.6",
 "language-tags 0.0.7",
 "log 0.3.2",
 "mime 0.1.0",
 "num_cpus 0.2.6",
 "openssl 0.6.4",
 "rustc-serialize",
 "solicit",
 "time 0.1.44",
 "traitobject 0.0.1",
 "typeable",
 "unicase",
 "url 0.2.37",
]

[[package]]
name = "hyper"
version = "0.7.2"
source = "registry+https://github.com/rust-lang/crates.io-index"
checksum = "fa426d9b72a11926b7dbc1667fa3dc81a58e0bb9a65e4944dea68ea8dc18da36"
dependencies = [
 "cookie 0.2.5",
 "httparse 1.7.1",
 "language-tags 0.2.2",
 "log 0.3.2",
 "mime 0.1.0",
 "num_cpus 0.2.6",
 "openssl 0.7.14",
 "rustc-serialize",
 "solicit",
 "time 0.1.44",
 "traitobject 0.0.1",
 "typeable",
 "unicase",
 "url 0.5.10",
]

[[package]]
name = "hyper"
version = "0.10.16"
source = "registry+https://github.com/rust-lang/crates.io-index"
checksum = "0a0652d9a2609a968c14be1a9ea00bf4b1d64e2e1f53a1b51b6fff3a6e829273"
dependencies = [
 "base64",
 "httparse 1.7.1",
 "language-tags 0.2.2",
 "log 0.3.2",
 "mime 0.2.6",
 "num_cpus 1.13.1",
 "time 0.1.44",
 "traitobject 0.1.0",
 "typeable",
 "unicase",
 "url 1.7.2",
]

[[package]]
name = "idna"
version = "0.1.5"
source = "registry+https://github.com/rust-lang/crates.io-index"
checksum = "38f09e0f0b1fb55fdee1f17470ad800da77af5186a1a76c026b679358b7e844e"
dependencies = [
 "matches",
 "unicode-bidi 0.3.8",
 "unicode-normalization",
]

[[package]]
name = "iron"
version = "0.2.6"
source = "registry+https://github.com/rust-lang/crates.io-index"
checksum = "6d02706746b2d95c50f463fc619de64efe10682adfa17fa18dc95e0a92b10237"
dependencies = [
 "conduit-mime-types",
 "error",
 "hyper 0.7.2",
 "lazy_static 0.1.14",
 "log 0.3.2",
 "modifier",
 "num_cpus 0.2.6",
 "plugin",
 "typemap",
 "url 0.5.10",
]

[[package]]
name = "iron"
version = "0.5.1"
source = "registry+https://github.com/rust-lang/crates.io-index"
checksum = "2440ae846e7a8c7f9b401db8f6e31b4ea5e7d3688b91761337da7e054520c75b"
dependencies = [
 "conduit-mime-types",
 "error",
 "hyper 0.10.16",
 "lazy_static 0.2.11",
 "log 0.3.2",
 "modifier",
 "num_cpus 1.13.1",
 "plugin",
 "typemap",
 "url 1.7.2",
]

[[package]]
name = "js-sys"
version = "0.3.59"
source = "registry+https://github.com/rust-lang/crates.io-index"
checksum = "258451ab10b34f8af53416d1fdab72c22e805f0c92a1136d59470ec0b11138b2"
dependencies = [
 "wasm-bindgen",
]

[[package]]
name = "language-tags"
version = "0.0.7"
source = "registry+https://github.com/rust-lang/crates.io-index"
checksum = "41633f9c0d99840437d1f2073c0a6dadcf1dbd28b87dda956e3d91b65f6e57a7"

[[package]]
name = "language-tags"
version = "0.2.2"
source = "registry+https://github.com/rust-lang/crates.io-index"
checksum = "a91d884b6667cd606bb5a69aa0c99ba811a115fc68915e7056ec08a46e93199a"

[[package]]
name = "lazy_static"
version = "0.1.14"
source = "registry+https://github.com/rust-lang/crates.io-index"
checksum = "466e07dc490cbe19e7fa72d78334581fad0a68083ea72ff0a95b0fbddd664536"

[[package]]
name = "lazy_static"
version = "0.2.11"
source = "registry+https://github.com/rust-lang/crates.io-index"
checksum = "76f033c7ad61445c5b347c7382dd1237847eb1bce590fe50365dcb33d546be73"

[[package]]
name = "libc"
version = "0.1.10"
source = "registry+https://github.com/rust-lang/crates.io-index"
checksum = "cd70bd1f9f3bfadfdcdf92869faecc795686617d3a9acfe74d0c89a4bb6d142b"

[[package]]
name = "libc"
version = "0.2.126"
source = "registry+https://github.com/rust-lang/crates.io-index"
checksum = "349d5a591cd28b49e1d1037471617a32ddcda5731b99419008085f72d5a53836"

[[package]]
name = "libressl-pnacl-sys"
version = "2.1.6"
source = "registry+https://github.com/rust-lang/crates.io-index"
checksum = "cbc058951ab6a3ef35ca16462d7642c4867e6403520811f28537a4e2f2db3e71"
dependencies = [
 "pnacl-build-helper",
]

[[package]]
name = "log"
version = "0.3.2"
source = "registry+https://github.com/rust-lang/crates.io-index"
checksum = "0b31520293fb0bea11a3b5ffde21bce34b00c063c42366948af845bb68a18522"
dependencies = [
 "libc 0.1.10",
]

[[package]]
name = "log"
version = "0.4.17"
source = "registry+https://github.com/rust-lang/crates.io-index"
checksum = "abb12e687cfb44aa40f41fc3978ef76448f9b6038cad6aef4259d3c095a2382e"
dependencies = [
 "cfg-if",
]

[[package]]
name = "matches"
version = "0.1.2"
source = "registry+https://github.com/rust-lang/crates.io-index"
checksum = "15305656809ce5a4805b1ff2946892810992197ce1270ff79baded852187942e"

[[package]]
name = "memchr"
version = "0.1.6"
source = "registry+https://github.com/rust-lang/crates.io-index"
checksum = "5e6ccc9689c3436c502392ce72163d192ed82beea051f88f570bff312ffc9c5e"
dependencies = [
 "libc 0.1.10",
]

[[package]]
name = "mime"
version = "0.1.0"
source = "registry+https://github.com/rust-lang/crates.io-index"
checksum = "82cb9365a85d5c3dd6f503a5f2323b8110df222b322a127583897eb4e9df84ff"
dependencies = [
 "log 0.4.17",
]

[[package]]
name = "mime"
version = "0.2.6"
source = "registry+https://github.com/rust-lang/crates.io-index"
checksum = "ba626b8a6de5da682e1caa06bdb42a335aee5a84db8e5046a3e8ab17ba0a3ae0"
dependencies = [
 "log 0.3.2",
]

[[package]]
name = "modifier"
version = "0.1.0"
source = "registry+https://github.com/rust-lang/crates.io-index"
checksum = "41f5c9112cb662acd3b204077e0de5bc66305fa8df65c8019d5adb10e9ab6e58"

[[package]]
name = "mount"
version = "0.0.9"
source = "registry+https://github.com/rust-lang/crates.io-index"
checksum = "c55c3e1b8c0804d450c6c74df19e6469caadfbb4930dfa3b237e4b03aea66aaf"
dependencies = [
 "iron 0.2.6",
 "sequence_trie",
 "url 0.2.37",
]

[[package]]
name = "num"
version = "0.1.27"
source = "registry+https://github.com/rust-lang/crates.io-index"
checksum = "4251ea00b7fa74610f0685b55495fcc86e4971b1951cb732b91d817f71bcae7c"
dependencies = [
 "rand",
 "rustc-serialize",
]

[[package]]
name = "num_cpus"
version = "0.2.6"
source = "registry+https://github.com/rust-lang/crates.io-index"
checksum = "aed7a0c6b051811d1b6c6d36a77f5820d2b520c8e832ea47cb0754f90d340e31"
dependencies = [
 "libc 0.1.10",
]

[[package]]
name = "num_cpus"
version = "1.13.1"
source = "registry+https://github.com/rust-lang/crates.io-index"
checksum = "19e64526ebdee182341572e50e9ad03965aa510cd94427a4549448f285e957a1"
dependencies = [
 "hermit-abi",
 "libc 0.2.126",
]

[[package]]
name = "num_threads"
version = "0.1.6"
source = "registry+https://github.com/rust-lang/crates.io-index"
checksum = "2819ce041d2ee131036f4fc9d6ae7ae125a3a40e97ba64d04fe799ad9dabbb44"
dependencies = [
 "libc 0.2.126",
]

[[package]]
name = "once_cell"
version = "1.13.0"
source = "registry+https://github.com/rust-lang/crates.io-index"
checksum = "18a6dbe30758c9f83eb00cbea4ac95966305f5a7772f3f42ebfc7fc7eddbd8e1"

[[package]]
name = "openssl"
version = "0.6.4"
source = "registry+https://github.com/rust-lang/crates.io-index"
checksum = "4ea1ef6cb5a27deb5bc06652f5de4ccb1b9b4d4c651819b68d06f790af579afe"
dependencies = [
 "bitflags 0.3.2",
 "lazy_static 0.1.14",
 "libc 0.1.10",
 "openssl-sys 0.6.4",
]

[[package]]
name = "openssl"
version = "0.7.14"
source = "registry+https://github.com/rust-lang/crates.io-index"
checksum = "c4117b6244aac42ed0150a6019b4d953d28247c5dd6ae6f46ae469b5f2318733"
dependencies = [
 "bitflags 0.7.0",
 "gcc",
 "lazy_static 0.2.11",
 "libc 0.2.126",
 "openssl-sys 0.7.17",
 "openssl-sys-extras",
]

[[package]]
name = "openssl-sys"
version = "0.6.4"
source = "registry+https://github.com/rust-lang/crates.io-index"
checksum = "2dfafaedab57a3f52868dec92eb565b23a0d0a28f8a4cb60a43185f67d7f30fd"
dependencies = [
 "gcc",
 "libc 0.1.10",
 "libressl-pnacl-sys",
 "pkg-config",
]

[[package]]
name = "openssl-sys"
version = "0.7.17"
source = "registry+https://github.com/rust-lang/crates.io-index"
checksum = "89c47ee94c352eea9ddaf8e364be7f978a3bb6d66d73176572484238dd5a5c3f"
dependencies = [
 "gdi32-sys",
 "libc 0.2.126",
 "libressl-pnacl-sys",
 "pkg-config",
 "user32-sys",
]

[[package]]
name = "openssl-sys-extras"
version = "0.7.14"
source = "registry+https://github.com/rust-lang/crates.io-index"
checksum = "11c5e1dba7d3d03d80f045bf0d60111dc69213b67651e7c889527a3badabb9fa"
dependencies = [
 "gcc",
 "libc 0.2.126",
 "openssl-sys 0.7.17",
]

[[package]]
name = "params"
version = "0.0.1"
source = "git+https://github.com/iron/params.git#78f025f298d12543a9890e8e7902b7073a63d8da"
dependencies = [
 "bodyparser",
 "formdata",
 "iron 0.5.1",
 "num",
 "plugin",
 "rustc-serialize",
 "urlencoded",
]

[[package]]
name = "percent-encoding"
version = "1.0.1"
source = "registry+https://github.com/rust-lang/crates.io-index"
checksum = "31010dd2e1ac33d5b46a5b413495239882813e0369f8ed8a5e266f173602f831"

[[package]]
name = "persistent"
version = "0.0.7"
source = "registry+https://github.com/rust-lang/crates.io-index"
checksum = "b986b332bcfe53d59732601a542bd09978fcd7f5eb85c3c7965f62a2ad637256"
dependencies = [
 "iron 0.2.6",
 "plugin",
]

[[package]]
name = "pkg-config"
version = "0.3.5"
source = "registry+https://github.com/rust-lang/crates.io-index"
checksum = "71048206ec7132fc63b492abfec77a7a66059ed2b5fbbff59ac16a7b4a2cc495"

[[package]]
name = "plugin"
version = "0.2.6"
source = "registry+https://github.com/rust-lang/crates.io-index"
checksum = "1a6a0dc3910bc8db877ffed8e457763b317cf880df4ae19109b9f77d277cf6e0"
dependencies = [
 "typemap",
]

[[package]]
name = "pnacl-build-helper"
version = "1.4.10"
source = "registry+https://github.com/rust-lang/crates.io-index"
checksum = "61c9231d31aea845007443d62fcbb58bb6949ab9c18081ee1e09920e0cf1118b"
dependencies = [
 "tempdir",
]

[[package]]
name = "proc-macro2"
version = "1.0.43"
source = "registry+https://github.com/rust-lang/crates.io-index"
checksum = "0a2ca2c61bc9f3d74d2886294ab7b9853abd9c1ad903a3ac7815c58989bb7bab"
dependencies = [
 "unicode-ident",
]

[[package]]
name = "quote"
version = "1.0.21"
source = "registry+https://github.com/rust-lang/crates.io-index"
checksum = "bbe448f377a7d6961e30f5955f9b8d106c3f5e449d493ee1b125c1d43c2b5179"
dependencies = [
 "proc-macro2",
]

[[package]]
name = "rand"
version = "0.3.11"
source = "registry+https://github.com/rust-lang/crates.io-index"
checksum = "9f7c7a46a8a1f876a89c594f7171a4152f5d7db20bfd4861c4f59b314ee81bff"
dependencies = [
 "advapi32-sys",
 "libc 0.1.10",
 "winapi 0.2.8",
]

[[package]]
name = "regex"
version = "0.1.41"
source = "registry+https://github.com/rust-lang/crates.io-index"
checksum = "4499ef755e709fbfe334ecbc3206537e84952ead5347791b0f54c2b75fe63a28"
dependencies = [
 "aho-corasick",
 "memchr",
 "regex-syntax",
]

[[package]]
name = "regex-syntax"
version = "0.2.1"
source = "registry+https://github.com/rust-lang/crates.io-index"
checksum = "96f45bc2e7857c8c27d07a3be5c713870fd1885baa6bc3944b61da611e904c94"

[[package]]
name = "route-recognizer"
version = "0.1.11"
source = "registry+https://github.com/rust-lang/crates.io-index"
checksum = "4f0a750d020adb1978f5964ea7bca830585899b09da7cbb3f04961fc2400122d"

[[package]]
name = "router"
version = "0.0.15"
source = "registry+https://github.com/rust-lang/crates.io-index"
checksum = "ae5f0b387151f5c9652032beddaeb3e92eb17788b7cbd00d74419d789e36f72c"
dependencies = [
 "iron 0.2.6",
 "route-recognizer",
]

[[package]]
name = "rust-crypto"
version = "0.2.31"
source = "registry+https://github.com/rust-lang/crates.io-index"
checksum = "fa2fc1f947e9d2c0dfca3b02921920f5ba9065aa6a7257ca7c5b1b272a8e2826"
dependencies = [
 "gcc",
 "libc 0.2.126",
 "rand",
 "rustc-serialize",
 "time 0.3.12",
]

[[package]]
name = "rustc-serialize"
version = "0.3.16"
source = "registry+https://github.com/rust-lang/crates.io-index"
checksum = "1a48546a64cae47d06885e9bccadb99d0547d877a94c5167fa451ea33a484456"

[[package]]
name = "safemem"
version = "0.3.3"
source = "registry+https://github.com/rust-lang/crates.io-index"
checksum = "ef703b7cb59335eae2eb93ceb664c0eb7ea6bf567079d843e09420219668e072"

[[package]]
name = "sequence_trie"
version = "0.0.13"
source = "registry+https://github.com/rust-lang/crates.io-index"
checksum = "d5b4eb0f7d1ff9b9666d8b8ff543f3705dd464025269a5b0e1988ffa60ca1be8"

[[package]]
name = "solicit"
version = "0.4.2"
source = "registry+https://github.com/rust-lang/crates.io-index"
checksum = "ecabcf00bfd1d8c56392f3b40cd52440cc64339a59ce85407e3ff2e38da89c29"
dependencies = [
 "hpack",
 "log 0.3.2",
]

[[package]]
name = "staticfile"
version = "0.0.6"
source = "registry+https://github.com/rust-lang/crates.io-index"
checksum = "0d69eb62b9637601a5e0d94aea7d7de27893880928f76779c50e5606f0f87d7c"
dependencies = [
 "iron 0.2.6",
 "log 0.3.2",
 "mount",
 "time 0.1.44",
]

[[package]]
name = "strsim"
version = "0.3.0"
source = "registry+https://github.com/rust-lang/crates.io-index"
checksum = "e4d73a2c36a4d095ed1a6df5cbeac159863173447f7a82b3f4757426844ab825"

[[package]]
name = "syn"
version = "1.0.99"
source = "registry+https://github.com/rust-lang/crates.io-index"
checksum = "58dbef6ec655055e20b86b15a8cc6d439cca19b667537ac6a1369572d151ab13"
dependencies = [
 "proc-macro2",
 "quote",
 "unicode-ident",
]

[[package]]
name = "tempdir"
version = "0.3.4"
source = "registry+https://github.com/rust-lang/crates.io-index"
checksum = "0b62933a3f96cd559700662c34f8bab881d9e3540289fb4f368419c7f13a5aa9"
dependencies = [
 "rand",
]

[[package]]
name = "textnonce"
version = "0.1.1"
source = "registry+https://github.com/rust-lang/crates.io-index"
checksum = "06f613d314ea2559cbe4bef37ebcb40f304c11700b6403f9bb5bdd579607f6b5"
dependencies = [
 "rand",
 "rustc-serialize",
 "time 0.3.12",
]

[[package]]
name = "time"
version = "0.1.44"
source = "registry+https://github.com/rust-lang/crates.io-index"
checksum = "6db9e6914ab8b1ae1c260a4ae7a49b6c5611b40328a735b21862567685e73255"
dependencies = [
 "libc 0.2.126",
 "wasi",
 "winapi 0.3.9",
]

[[package]]
name = "time"
version = "0.3.12"
source = "registry+https://github.com/rust-lang/crates.io-index"
checksum = "74b7cc93fc23ba97fde84f7eea56c55d1ba183f495c6715defdfc7b9cb8c870f"
dependencies = [
 "js-sys",
 "libc 0.2.126",
 "num_threads",
]

[[package]]
name = "tinyvec"
version = "1.6.0"
source = "registry+https://github.com/rust-lang/crates.io-index"
checksum = "87cc5ceb3875bb20c2890005a4e226a4651264a5c75edb2421b52861a0a0cb50"
dependencies = [
 "tinyvec_macros",
]

[[package]]
name = "tinyvec_macros"
version = "0.1.0"
source = "registry+https://github.com/rust-lang/crates.io-index"
checksum = "cda74da7e1a664f795bb1f8a87ec406fb89a02522cf6e50620d016add6dbbf5c"

[[package]]
name = "traitobject"
version = "0.0.1"
source = "registry+https://github.com/rust-lang/crates.io-index"
checksum = "07eaeb7689bb7fca7ce15628319635758eda769fed481ecfe6686ddef2600616"

[[package]]
name = "traitobject"
version = "0.0.3"
source = "registry+https://github.com/rust-lang/crates.io-index"
checksum = "9dc23794ff47c95882da6f9d15de9a6be14987760a28cc0aafb40b7675ef09d8"

[[package]]
name = "traitobject"
version = "0.1.0"
source = "registry+https://github.com/rust-lang/crates.io-index"
checksum = "efd1f82c56340fdf16f2a953d7bda4f8fdffba13d93b00844c25572110b26079"

[[package]]
name = "typeable"
version = "0.1.2"
source = "registry+https://github.com/rust-lang/crates.io-index"
checksum = "1410f6f91f21d1612654e7cc69193b0334f909dcf2c790c4826254fbb86f8887"

[[package]]
name = "typemap"
version = "0.3.3"
source = "registry+https://github.com/rust-lang/crates.io-index"
checksum = "653be63c80a3296da5551e1bfd2cca35227e13cdd08c6668903ae2f4f77aa1f6"
dependencies = [
 "unsafe-any",
]

[[package]]
name = "unicase"
version = "1.0.0"
source = "registry+https://github.com/rust-lang/crates.io-index"
checksum = "cb874ebe26bbb9a961e2da8ba26c409a37ea371d0137663605830799b26f303a"

[[package]]
name = "unicode-bidi"
version = "0.2.6"
source = "registry+https://github.com/rust-lang/crates.io-index"
checksum = "149319afc0ec718611d4a9208c0308e3b1b62dcfbd982e5e723f6ec35b909b92"
dependencies = [
 "matches",
]

[[package]]
name = "unicode-bidi"
version = "0.3.8"
source = "registry+https://github.com/rust-lang/crates.io-index"
checksum = "099b7128301d285f79ddd55b9a83d5e6b9e97c92e0ea0daebee7263e932de992"

[[package]]
name = "unicode-ident"
version = "1.0.3"
source = "registry+https://github.com/rust-lang/crates.io-index"
checksum = "c4f5b37a154999a8f3f98cc23a628d850e154479cd94decf3414696e12e31aaf"

[[package]]
name = "unicode-normalization"
version = "0.1.21"
source = "registry+https://github.com/rust-lang/crates.io-index"
checksum = "854cbdc4f7bc6ae19c820d44abdc3277ac3e1b2b93db20a636825d9322fb60e6"
dependencies = [
 "tinyvec",
]

[[package]]
name = "unsafe-any"
version = "0.4.1"
source = "registry+https://github.com/rust-lang/crates.io-index"
checksum = "b351086021ebc264aea3ab4f94d61d889d98e5e9ec2d985d993f50133537fd3a"
dependencies = [
 "traitobject 0.0.3",
]

[[package]]
name = "url"
version = "0.2.37"
source = "registry+https://github.com/rust-lang/crates.io-index"
checksum = "8418be6f06480ae5242d656575a7f369b0cd0ee992e8e8f4a6610f64b3a6d911"
dependencies = [
 "matches",
 "rustc-serialize",
]

[[package]]
name = "url"
version = "0.5.10"
source = "registry+https://github.com/rust-lang/crates.io-index"
checksum = "4a3440c1ed62af4a2aee71c6fb78ef32ddcb75cfa24bf42f45e07c02b6d6a2f6"
dependencies = [
 "matches",
 "rustc-serialize",
 "unicode-bidi 0.2.6",
 "unicode-normalization",
 "uuid",
]

[[package]]
name = "url"
version = "1.7.2"
source = "registry+https://github.com/rust-lang/crates.io-index"
checksum = "dd4e7c0d531266369519a4aa4f399d748bd37043b00bde1e4ff1f60a120b355a"
dependencies = [
 "idna",
 "matches",
 "percent-encoding",
]

[[package]]
name = "urlencoded"
version = "0.2.0"
source = "registry+https://github.com/rust-lang/crates.io-index"
checksum = "18e0d81033da642f5bbbe0e0bfe5db2965277ee1be706b988d0639621e19f88b"
dependencies = [
 "bodyparser",
 "iron 0.5.1",
 "plugin",
 "url 0.2.37",
]

[[package]]
name = "user32-sys"
version = "0.2.0"
source = "registry+https://github.com/rust-lang/crates.io-index"
checksum = "4ef4711d107b21b410a3a974b1204d9accc8b10dad75d8324b5d755de1617d47"
dependencies = [
 "winapi 0.2.8",
 "winapi-build",
]

[[package]]
name = "uuid"
version = "0.2.3"
source = "registry+https://github.com/rust-lang/crates.io-index"
checksum = "885acc3b17fdef6230d1f7765dff1106dfd5e75a93c2f26459fbf600ed6dcc14"
dependencies = [
 "rand",
]

[[package]]
name = "wasi"
version = "0.10.0+wasi-snapshot-preview1"
source = "registry+https://github.com/rust-lang/crates.io-index"
checksum = "1a143597ca7c7793eff794def352d41792a93c481eb1042423ff7ff72ba2c31f"

[[package]]
name = "wasm-bindgen"
version = "0.2.82"
source = "registry+https://github.com/rust-lang/crates.io-index"
checksum = "fc7652e3f6c4706c8d9cd54832c4a4ccb9b5336e2c3bd154d5cccfbf1c1f5f7d"
dependencies = [
 "cfg-if",
 "wasm-bindgen-macro",
]

[[package]]
name = "wasm-bindgen-backend"
version = "0.2.82"
source = "registry+https://github.com/rust-lang/crates.io-index"
checksum = "662cd44805586bd52971b9586b1df85cdbbd9112e4ef4d8f41559c334dc6ac3f"
dependencies = [
 "bumpalo",
 "log 0.4.17",
 "once_cell",
 "proc-macro2",
 "quote",
 "syn",
 "wasm-bindgen-shared",
]

[[package]]
name = "wasm-bindgen-macro"
version = "0.2.82"
source = "registry+https://github.com/rust-lang/crates.io-index"
checksum = "b260f13d3012071dfb1512849c033b1925038373aea48ced3012c09df952c602"
dependencies = [
 "quote",
 "wasm-bindgen-macro-support",
]

[[package]]
name = "wasm-bindgen-macro-support"
version = "0.2.82"
source = "registry+https://github.com/rust-lang/crates.io-index"
checksum = "5be8e654bdd9b79216c2929ab90721aa82faf65c48cdf08bdc4e7f51357b80da"
dependencies = [
 "proc-macro2",
 "quote",
 "syn",
 "wasm-bindgen-backend",
 "wasm-bindgen-shared",
]

[[package]]
name = "wasm-bindgen-shared"
version = "0.2.82"
source = "registry+https://github.com/rust-lang/crates.io-index"
checksum = "6598dd0bd3c7d51095ff6531a5b23e02acdc81804e30d8f07afb77b7215a140a"

[[package]]
name = "winapi"
version = "0.2.8"
source = "registry+https://github.com/rust-lang/crates.io-index"
checksum = "167dc9d6949a9b857f3451275e911c3f44255842c1f7a76f33c55103a909087a"

[[package]]
name = "winapi"
version = "0.3.9"
source = "registry+https://github.com/rust-lang/crates.io-index"
checksum = "5c839a674fcd7a98952e593242ea400abe93992746761e38641405d28b00f419"
dependencies = [
 "winapi-i686-pc-windows-gnu",
 "winapi-x86_64-pc-windows-gnu",
]

[[package]]
name = "winapi-build"
version = "0.1.1"
source = "registry+https://github.com/rust-lang/crates.io-index"
checksum = "2d315eee3b34aca4797b2da6b13ed88266e6d612562a0c46390af8299fc699bc"

[[package]]
name = "winapi-i686-pc-windows-gnu"
version = "0.4.0"
source = "registry+https://github.com/rust-lang/crates.io-index"
checksum = "ac3b87c63620426dd9b991e5ce0329eff545bccbbb34f3be09ff6fb6ab51b7b6"

[[package]]
name = "winapi-x86_64-pc-windows-gnu"
version = "0.4.0"
source = "registry+https://github.com/rust-lang/crates.io-index"
checksum = "712e227841d057c1ee1cd2fb22fa7e5a5461ae8e48fa2ca79ec42cfc1931183f"
